gates:
- class: NOTGate
  uid: ffc52f0e-eaa0-4d4e-80fe-62e1940ba248
  x: 284.0
  y: 151.0
  rotation: 0
  num_inputs: 2
  num_outputs: null
  select_bits: null
  state: null
  label: null
- class: NOTGate
  uid: 22a8e229-090f-42a6-a387-a4cd8e1613a6
  x: -386.0
  y: -26.0
  rotation: 270
  num_inputs: 2
  num_outputs: null
  select_bits: null
  state: null
  label: null
- class: NOTGate
  uid: 4ced6fc0-8c78-4320-9472-98e1737c9a53
  x: -332.0
  y: -220.0
  rotation: 270
  num_inputs: 2
  num_outputs: null
  select_bits: null
  state: null
  label: null
- class: NOTGate
  uid: bf33445e-2651-4545-9645-860ab669dcb1
  x: -116.0
  y: -263.0
  rotation: 180
  num_inputs: 2
  num_outputs: null
  select_bits: null
  state: null
  label: null
- class: NOTGate
  uid: faedadef-d7c1-4257-850c-d1c27f2c17bf
  x: 70.0
  y: -273.0
  rotation: 180
  num_inputs: 2
  num_outputs: null
  select_bits: null
  state: null
  label: null
- class: NOTGate
  uid: 8922d554-0b91-4bf5-abe1-35fd5f886993
  x: 317.0
  y: 25.0
  rotation: 90
  num_inputs: 2
  num_outputs: null
  select_bits: null
  state: null
  label: null
- class: NOTGate
  uid: c622a598-d7ce-405f-8d0a-31f40ba40d67
  x: 266.0
  y: -163.0
  rotation: 90
  num_inputs: 2
  num_outputs: null
  select_bits: null
  state: null
  label: null
- class: OutputLED
  uid: 9eb5730c-81d2-47b0-84ba-ed929bb2dbd9
  x: 426.0
  y: 192.0
  rotation: 0
  num_inputs: 2
  num_outputs: null
  select_bits: null
  state: null
  label: null
- class: NOTGate
  uid: 2efe22ed-11ad-4c68-b457-a7ba8a0776bf
  x: -181.0
  y: 153.0
  rotation: 0
  num_inputs: 2
  num_outputs: null
  select_bits: null
  state: null
  label: null
- class: NOTGate
  uid: 5feea440-0dd7-4cb6-b5f0-431eefa2e564
  x: -343.0
  y: 128.0
  rotation: 0
  num_inputs: 2
  num_outputs: null
  select_bits: null
  state: null
  label: null
- class: NOTGate
  uid: 19273cb7-4b29-4cfd-878d-9a3d2a1c9b82
  x: 152.0
  y: 160.0
  rotation: 0
  num_inputs: 2
  num_outputs: null
  select_bits: null
  state: null
  label: null
- class: NOTGate
  uid: c09c0493-2b60-42bd-baf9-2032394d8554
  x: -24.0
  y: 179.0
  rotation: 0
  num_inputs: 2
  num_outputs: null
  select_bits: null
  state: null
  label: null
annotations: []
connections:
- dest_gate: 0
  dest_input: 0
  src_gate: 10
  src_output: 0
- dest_gate: 1
  dest_input: 0
  src_gate: 2
  src_output: 0
- dest_gate: 2
  dest_input: 0
  src_gate: 3
  src_output: 0
  waypoints:
  - - -185.0
    - -225.0
- dest_gate: 3
  dest_input: 0
  src_gate: 4
  src_output: 0
- dest_gate: 4
  dest_input: 0
  src_gate: 6
  src_output: 0
  waypoints:
  - - 306.0
    - -199.0
- dest_gate: 5
  dest_input: 0
  src_gate: 0
  src_output: 0
  waypoints:
  - - 389.0
    - 148.0
- dest_gate: 6
  dest_input: 0
  src_gate: 5
  src_output: 0
  waypoints:
  - - 312.0
    - 0.0
- dest_gate: 7
  dest_input: 0
  src_gate: 0
  src_output: 0
- dest_gate: 8
  dest_input: 0
  src_gate: 9
  src_output: 0
- dest_gate: 9
  dest_input: 0
  src_gate: 1
  src_output: 0
  waypoints:
  - - -373.0
    - 136.0
- dest_gate: 10
  dest_input: 0
  src_gate: 11
  src_output: 0
- dest_gate: 11
  dest_input: 0
  src_gate: 8
  src_output: 0
settings:
  canvas_size: 10000
  grid_size: 20
  sim_fps: 60
